
Microsoft Visual Studio Solution File, Format Version 12.00
# Visual Studio Version 17
VisualStudioVersion = 17.6.33801.468
MinimumVisualStudioVersion = 10.0.40219.1
Project("{FAE04EC0-301F-11D3-BF4B-00C04F79EFBC}") = "Exeption_Handling", "Exeption_Handling\Exeption_Handling.csproj", "{F649F470-D883-4433-B61F-EF6B0AC56CCC}"
EndProject
Global
	GlobalSection(SolutionConfigurationPlatforms) = preSolution
		Debug|Any CPU = Debug|Any CPU
		Release|Any CPU = Release|Any CPU
	EndGlobalSection
	GlobalSection(ProjectConfigurationPlatforms) = postSolution
		{F649F470-D883-4433-B61F-EF6B0AC56CCC}.Debug|Any CPU.ActiveCfg = Debug|Any CPU
		{F649F470-D883-4433-B61F-EF6B0AC56CCC}.Debug|Any CPU.Build.0 = Debug|Any CPU
		{F649F470-D883-4433-B61F-EF6B0AC56CCC}.Release|Any CPU.ActiveCfg = Release|Any CPU
		{F649F470-D883-4433-B61F-EF6B0AC56CCC}.Release|Any CPU.Build.0 = Release|Any CPU
	EndGlobalSection
	GlobalSection(SolutionProperties) = preSolution
		HideSolutionNode = FALSE
	EndGlobalSection
	GlobalSection(ExtensibilityGlobals) = postSolution
		SolutionGuid = {D12BC2FE-A0D4-430A-8788-89A3B6BAFF07}
	EndGlobalSection
EndGlobal
